
Microsoft Visual Studio Solution File, Format Version 12.00
# Visual Studio Version 16
VisualStudioVersion = 16.0.31025.194
MinimumVisualStudioVersion = 10.0.40219.1
Project("{FAE04EC0-301F-11D3-BF4B-00C04F79EFBC}") = "Tapshiriq2", "Tapshiriq2\Tapshiriq2.csproj", "{6953B4E7-6427-4737-8874-C17682335929}"
EndProject
Global
	GlobalSection(SolutionConfigurationPlatforms) = preSolution
		Debug|Any CPU = Debug|Any CPU
		Release|Any CPU = Release|Any CPU
	EndGlobalSection
	GlobalSection(ProjectConfigurationPlatforms) = postSolution
		{6953B4E7-6427-4737-8874-C17682335929}.Debug|Any CPU.ActiveCfg = Debug|Any CPU
		{6953B4E7-6427-4737-8874-C17682335929}.Debug|Any CPU.Build.0 = Debug|Any CPU
		{6953B4E7-6427-4737-8874-C17682335929}.Release|Any CPU.ActiveCfg = Release|Any CPU
		{6953B4E7-6427-4737-8874-C17682335929}.Release|Any CPU.Build.0 = Release|Any CPU
	EndGlobalSection
	GlobalSection(SolutionProperties) = preSolution
		HideSolutionNode = FALSE
	EndGlobalSection
	GlobalSection(ExtensibilityGlobals) = postSolution
		SolutionGuid = {8FE4A7A0-3007-48EC-B38C-50067A028EE5}
	EndGlobalSection
EndGlobal
